
Microsoft Visual Studio Solution File, Format Version 12.00
# Visual Studio Version 17
VisualStudioVersion = 17.6.33815.320
MinimumVisualStudioVersion = 10.0.40219.1
Project("{9A19103F-16F7-4668-BE54-9A1E7A4F7556}") = "Dev_and_Build_Tools", "Dev_and_Build_Tools.csproj", "{F2DE7755-1FC0-4BCD-A034-38C93041B543}"
EndProject
Project("{9A19103F-16F7-4668-BE54-9A1E7A4F7556}") = "Test_Dev_and_Build_Tools", "..\Test_Dev_and_Build_Tools\Test_Dev_and_Build_Tools.csproj", "{A8246086-EA40-40C4-A89E-939F6E92C9EC}"
EndProject
Global
	GlobalSection(SolutionConfigurationPlatforms) = preSolution
		Debug|Any CPU = Debug|Any CPU
		Release|Any CPU = Release|Any CPU
	EndGlobalSection
	GlobalSection(ProjectConfigurationPlatforms) = postSolution
		{F2DE7755-1FC0-4BCD-A034-38C93041B543}.Debug|Any CPU.ActiveCfg = Debug|Any CPU
		{F2DE7755-1FC0-4BCD-A034-38C93041B543}.Debug|Any CPU.Build.0 = Debug|Any CPU
		{F2DE7755-1FC0-4BCD-A034-38C93041B543}.Release|Any CPU.ActiveCfg = Release|Any CPU
		{F2DE7755-1FC0-4BCD-A034-38C93041B543}.Release|Any CPU.Build.0 = Release|Any CPU
		{A8246086-EA40-40C4-A89E-939F6E92C9EC}.Debug|Any CPU.ActiveCfg = Debug|Any CPU
		{A8246086-EA40-40C4-A89E-939F6E92C9EC}.Debug|Any CPU.Build.0 = Debug|Any CPU
		{A8246086-EA40-40C4-A89E-939F6E92C9EC}.Release|Any CPU.ActiveCfg = Release|Any CPU
		{A8246086-EA40-40C4-A89E-939F6E92C9EC}.Release|Any CPU.Build.0 = Release|Any CPU
	EndGlobalSection
	GlobalSection(SolutionProperties) = preSolution
		HideSolutionNode = FALSE
	EndGlobalSection
	GlobalSection(ExtensibilityGlobals) = postSolution
		SolutionGuid = {AAF9DC36-C4D7-4FDC-8A4E-3DDD7EE4D55B}
	EndGlobalSection
EndGlobal
