
Microsoft Visual Studio Solution File, Format Version 12.00
# Visual Studio Version 17
VisualStudioVersion = 17.6.33815.320
MinimumVisualStudioVersion = 10.0.40219.1
Project("{FAE04EC0-301F-11D3-BF4B-00C04F79EFBC}") = "Interfaces_and_abstract_classes", "Interfaces_and_abstract_classes.csproj", "{A99CAAFB-BDCF-4E36-9C06-B1FEF8E8D5FD}"
EndProject
Global
	GlobalSection(SolutionConfigurationPlatforms) = preSolution
		Debug|Any CPU = Debug|Any CPU
		Release|Any CPU = Release|Any CPU
	EndGlobalSection
	GlobalSection(ProjectConfigurationPlatforms) = postSolution
		{A99CAAFB-BDCF-4E36-9C06-B1FEF8E8D5FD}.Debug|Any CPU.ActiveCfg = Debug|Any CPU
		{A99CAAFB-BDCF-4E36-9C06-B1FEF8E8D5FD}.Debug|Any CPU.Build.0 = Debug|Any CPU
		{A99CAAFB-BDCF-4E36-9C06-B1FEF8E8D5FD}.Release|Any CPU.ActiveCfg = Release|Any CPU
		{A99CAAFB-BDCF-4E36-9C06-B1FEF8E8D5FD}.Release|Any CPU.Build.0 = Release|Any CPU
	EndGlobalSection
	GlobalSection(SolutionProperties) = preSolution
		HideSolutionNode = FALSE
	EndGlobalSection
	GlobalSection(ExtensibilityGlobals) = postSolution
		SolutionGuid = {A9BF00C8-45B2-4468-96C9-DC747E25A907}
	EndGlobalSection
EndGlobal
