
Microsoft Visual Studio Solution File, Format Version 12.00
# Visual Studio Version 17
VisualStudioVersion = 17.7.34031.279
MinimumVisualStudioVersion = 10.0.40219.1
Project("{9A19103F-16F7-4668-BE54-9A1E7A4F7556}") = "NUnitTestProject", "NUnitTestProject.csproj", "{B5929FAF-92A5-42CC-9D7B-D48BC1E0420B}"
EndProject
Project("{FAE04EC0-301F-11D3-BF4B-00C04F79EFBC}") = "EmailGmailHotmail", "..\EmailGmailHotmail\EmailGmailHotmail.csproj", "{3AA3FDB4-29B1-4792-80FB-511F3FD3FFFC}"
EndProject
Global
	GlobalSection(SolutionConfigurationPlatforms) = preSolution
		Debug|Any CPU = Debug|Any CPU
		Release|Any CPU = Release|Any CPU
	EndGlobalSection
	GlobalSection(ProjectConfigurationPlatforms) = postSolution
		{B5929FAF-92A5-42CC-9D7B-D48BC1E0420B}.Debug|Any CPU.ActiveCfg = Debug|Any CPU
		{B5929FAF-92A5-42CC-9D7B-D48BC1E0420B}.Debug|Any CPU.Build.0 = Debug|Any CPU
		{B5929FAF-92A5-42CC-9D7B-D48BC1E0420B}.Release|Any CPU.ActiveCfg = Release|Any CPU
		{B5929FAF-92A5-42CC-9D7B-D48BC1E0420B}.Release|Any CPU.Build.0 = Release|Any CPU
		{3AA3FDB4-29B1-4792-80FB-511F3FD3FFFC}.Debug|Any CPU.ActiveCfg = Debug|Any CPU
		{3AA3FDB4-29B1-4792-80FB-511F3FD3FFFC}.Debug|Any CPU.Build.0 = Debug|Any CPU
		{3AA3FDB4-29B1-4792-80FB-511F3FD3FFFC}.Release|Any CPU.ActiveCfg = Release|Any CPU
		{3AA3FDB4-29B1-4792-80FB-511F3FD3FFFC}.Release|Any CPU.Build.0 = Release|Any CPU
	EndGlobalSection
	GlobalSection(SolutionProperties) = preSolution
		HideSolutionNode = FALSE
	EndGlobalSection
	GlobalSection(ExtensibilityGlobals) = postSolution
		SolutionGuid = {63F89206-48E2-4C68-AF44-CA920BDB7448}
	EndGlobalSection
EndGlobal
